
Microsoft Visual Studio Solution File, Format Version 12.00
# Visual Studio Version 17
VisualStudioVersion = 17.13.35931.197
MinimumVisualStudioVersion = 10.0.40219.1
Project("{FAE04EC0-301F-11D3-BF4B-00C04F79EFBC}") = "Entities", "Entities\Entities.csproj", "{FC6E7F7E-3FF5-4A47-BDB7-D316E22C47DA}"
EndProject
Project("{FAE04EC0-301F-11D3-BF4B-00C04F79EFBC}") = "UseCases", "UseCases\UseCases.csproj", "{3748D087-253C-4B26-A1B9-DCB8B32FB7F8}"
EndProject
Project("{FAE04EC0-301F-11D3-BF4B-00C04F79EFBC}") = "Infratructure", "Infratructure\Infratructure.csproj", "{76DFC837-84BD-4F86-9A20-B737E2ED31E9}"
EndProject
Project("{FAE04EC0-301F-11D3-BF4B-00C04F79EFBC}") = "ToDoList", "ToDoList\ToDoList.csproj", "{13DF4FA0-C9D4-449D-9C98-6E72596C9B4A}"
EndProject
Project("{FAE04EC0-301F-11D3-BF4B-00C04F79EFBC}") = "TestProject", "TestProject\TestProject.csproj", "{91DFC6F6-07D0-49D6-AC9B-0FF3C45DBC10}"
EndProject
Global
	GlobalSection(SolutionConfigurationPlatforms) = preSolution
		Debug|Any CPU = Debug|Any CPU
		Release|Any CPU = Release|Any CPU
	EndGlobalSection
	GlobalSection(ProjectConfigurationPlatforms) = postSolution
		{FC6E7F7E-3FF5-4A47-BDB7-D316E22C47DA}.Debug|Any CPU.ActiveCfg = Debug|Any CPU
		{FC6E7F7E-3FF5-4A47-BDB7-D316E22C47DA}.Debug|Any CPU.Build.0 = Debug|Any CPU
		{FC6E7F7E-3FF5-4A47-BDB7-D316E22C47DA}.Release|Any CPU.ActiveCfg = Release|Any CPU
		{FC6E7F7E-3FF5-4A47-BDB7-D316E22C47DA}.Release|Any CPU.Build.0 = Release|Any CPU
		{3748D087-253C-4B26-A1B9-DCB8B32FB7F8}.Debug|Any CPU.ActiveCfg = Debug|Any CPU
		{3748D087-253C-4B26-A1B9-DCB8B32FB7F8}.Debug|Any CPU.Build.0 = Debug|Any CPU
		{3748D087-253C-4B26-A1B9-DCB8B32FB7F8}.Release|Any CPU.ActiveCfg = Release|Any CPU
		{3748D087-253C-4B26-A1B9-DCB8B32FB7F8}.Release|Any CPU.Build.0 = Release|Any CPU
		{76DFC837-84BD-4F86-9A20-B737E2ED31E9}.Debug|Any CPU.ActiveCfg = Debug|Any CPU
		{76DFC837-84BD-4F86-9A20-B737E2ED31E9}.Debug|Any CPU.Build.0 = Debug|Any CPU
		{76DFC837-84BD-4F86-9A20-B737E2ED31E9}.Release|Any CPU.ActiveCfg = Release|Any CPU
		{76DFC837-84BD-4F86-9A20-B737E2ED31E9}.Release|Any CPU.Build.0 = Release|Any CPU
		{13DF4FA0-C9D4-449D-9C98-6E72596C9B4A}.Debug|Any CPU.ActiveCfg = Debug|Any CPU
		{13DF4FA0-C9D4-449D-9C98-6E72596C9B4A}.Debug|Any CPU.Build.0 = Debug|Any CPU
		{13DF4FA0-C9D4-449D-9C98-6E72596C9B4A}.Release|Any CPU.ActiveCfg = Release|Any CPU
		{13DF4FA0-C9D4-449D-9C98-6E72596C9B4A}.Release|Any CPU.Build.0 = Release|Any CPU
		{91DFC6F6-07D0-49D6-AC9B-0FF3C45DBC10}.Debug|Any CPU.ActiveCfg = Debug|Any CPU
		{91DFC6F6-07D0-49D6-AC9B-0FF3C45DBC10}.Debug|Any CPU.Build.0 = Debug|Any CPU
		{91DFC6F6-07D0-49D6-AC9B-0FF3C45DBC10}.Release|Any CPU.ActiveCfg = Release|Any CPU
		{91DFC6F6-07D0-49D6-AC9B-0FF3C45DBC10}.Release|Any CPU.Build.0 = Release|Any CPU
	EndGlobalSection
	GlobalSection(SolutionProperties) = preSolution
		HideSolutionNode = FALSE
	EndGlobalSection
	GlobalSection(ExtensibilityGlobals) = postSolution
		SolutionGuid = {139BDFA3-2B15-4C47-83DD-025782573FDB}
	EndGlobalSection
EndGlobal
